<?xml version="1.0" encoding="utf-8"?>
<Project ToolsVersion="4.0" xmlns="http://schemas.microsoft.com/developer/msbuild/2003">
  <ItemGroup>
    <Filter Include="h2common">
      <UniqueIdentifier>{f4779b92-a16b-484b-b4d0-6366d911a33a}</UniqueIdentifier>
    </Filter>
    <Filter Include="h2common\Math">
      <UniqueIdentifier>{ebaf0956-e5b5-4b50-b024-e4dc3dfcd203}</UniqueIdentifier>
    </Filter>
    <Filter Include="ref_common">
      <UniqueIdentifier>{aab82a6d-eb89-42e5-9381-c0023b1e0d5b}</UniqueIdentifier>
    </Filter>
    <Filter Include="ref_gl">
      <UniqueIdentifier>{85efc3da-4daf-4287-8bcd-8b8f6b0ff5c3}</UniqueIdentifier>
    </Filter>
    <Filter Include="server">
      <UniqueIdentifier>{c2709b4a-35f9-4ef4-a29f-7cf4adc4a83e}</UniqueIdentifier>
    </Filter>
    <Filter Include="WinSnd">
      <UniqueIdentifier>{a767598c-0087-49a9-910c-97c409740b2c}</UniqueIdentifier>
    </Filter>
    <Filter Include="WinSnd\ALut">
      <UniqueIdentifier>{eab5c993-100c-4fb5-be97-294ccafa119a}</UniqueIdentifier>
    </Filter>
    <Filter Include="client">
      <UniqueIdentifier>{3c219d86-d739-4f91-80b0-754963d54d36}</UniqueIdentifier>
    </Filter>
    <Filter Include="qcommon">
      <UniqueIdentifier>{9a2feb37-ce34-41a6-993d-fd0f5e1afeb0}</UniqueIdentifier>
    </Filter>
    <Filter Include="win32">
      <UniqueIdentifier>{5f7c0a9b-8c64-4418-a458-c2bec47b0451}</UniqueIdentifier>
    </Filter>
    <Filter Include="external">
      <UniqueIdentifier>{0823b3a5-93c5-48f4-bff7-e70089d837e9}</UniqueIdentifier>
    </Filter>
    <Filter Include="external\libsmacker">
      <UniqueIdentifier>{42842a31-5d9c-4251-a1b5-2bd04ffc0d32}</UniqueIdentifier>
    </Filter>
    <Filter Include="client_effects">
      <UniqueIdentifier>{e8e80c56-34ac-4b7b-9e54-d573cd5275c5}</UniqueIdentifier>
    </Filter>
    <Filter Include="game">
      <UniqueIdentifier>{751c4b03-2970-4d93-9746-31b392792f1c}</UniqueIdentifier>
    </Filter>
    <Filter Include="player">
      <UniqueIdentifier>{bb3f875c-17f1-4c5c-bfc9-43b1f7dbbabe}</UniqueIdentifier>
    </Filter>
  </ItemGroup>
  <ItemGroup>
    <ClCompile Include="game\ds.cpp">
      <Filter>game</Filter>
    </ClCompile>
    <ClCompile Include="h2common\h2matrix.c">
      <Filter>h2common</Filter>
    </ClCompile>
    <ClCompile Include="WinSnd\s_main.cpp">
      <Filter>WinSnd</Filter>
    </ClCompile>
    <ClCompile Include="WinSnd\ALut\alutBufferData.c">
      <Filter>WinSnd\ALut</Filter>
    </ClCompile>
    <ClCompile Include="WinSnd\ALut\alutCodec.c">
      <Filter>WinSnd\ALut</Filter>
    </ClCompile>
    <ClCompile Include="WinSnd\ALut\alutError.c">
      <Filter>WinSnd\ALut</Filter>
    </ClCompile>
    <ClCompile Include="WinSnd\ALut\alutInit.c">
      <Filter>WinSnd\ALut</Filter>
    </ClCompile>
    <ClCompile Include="WinSnd\ALut\alutInputStream.c">
      <Filter>WinSnd\ALut</Filter>
    </ClCompile>
    <ClCompile Include="WinSnd\ALut\alutLoader.c">
      <Filter>WinSnd\ALut</Filter>
    </ClCompile>
    <ClCompile Include="WinSnd\ALut\alutOutputStream.c">
      <Filter>WinSnd\ALut</Filter>
    </ClCompile>
    <ClCompile Include="WinSnd\ALut\alutUtil.c">
      <Filter>WinSnd\ALut</Filter>
    </ClCompile>
    <ClCompile Include="WinSnd\ALut\alutVersion.c">
      <Filter>WinSnd\ALut</Filter>
    </ClCompile>
    <ClCompile Include="WinSnd\ALut\alutWaveform.c">
      <Filter>WinSnd\ALut</Filter>
    </ClCompile>
    <ClCompile Include="client\cl_cin.c">
      <Filter>client</Filter>
    </ClCompile>
    <ClCompile Include="client\cl_ents.c">
      <Filter>client</Filter>
    </ClCompile>
    <ClCompile Include="client\cl_fx.c">
      <Filter>client</Filter>
    </ClCompile>
    <ClCompile Include="client\cl_input.c">
      <Filter>client</Filter>
    </ClCompile>
    <ClCompile Include="client\cl_inv.c">
      <Filter>client</Filter>
    </ClCompile>
    <ClCompile Include="client\cl_main.c">
      <Filter>client</Filter>
    </ClCompile>
    <ClCompile Include="client\cl_parse.c">
      <Filter>client</Filter>
    </ClCompile>
    <ClCompile Include="client\cl_pred.c">
      <Filter>client</Filter>
    </ClCompile>
    <ClCompile Include="client\cl_scrn.c">
      <Filter>client</Filter>
    </ClCompile>
    <ClCompile Include="client\cl_view.c">
      <Filter>client</Filter>
    </ClCompile>
    <ClCompile Include="client\console.c">
      <Filter>client</Filter>
    </ClCompile>
    <ClCompile Include="client\keys.c">
      <Filter>client</Filter>
    </ClCompile>
    <ClCompile Include="client\menu.c">
      <Filter>client</Filter>
    </ClCompile>
    <ClCompile Include="client\qmenu.c">
      <Filter>client</Filter>
    </ClCompile>
    <ClCompile Include="client_effects\ambient_effects.c">
      <Filter>client_effects</Filter>
    </ClCompile>
    <ClCompile Include="client_effects\ce_default_message_handler.c">
      <Filter>client_effects</Filter>
    </ClCompile>
    <ClCompile Include="client_effects\ce_dlight.c">
      <Filter>client_effects</Filter>
    </ClCompile>
    <ClCompile Include="client_effects\ce_message.c">
      <Filter>client_effects</Filter>
    </ClCompile>
    <ClCompile Include="client_effects\client_effects.c">
      <Filter>client_effects</Filter>
    </ClCompile>
    <ClCompile Include="client_effects\client_entities.c">
      <Filter>client_effects</Filter>
    </ClCompile>
    <ClCompile Include="client_effects\font1.c">
      <Filter>client_effects</Filter>
    </ClCompile>
    <ClCompile Include="client_effects\font2.c">
      <Filter>client_effects</Filter>
    </ClCompile>
    <ClCompile Include="client_effects\fx_ammo_pickup.c">
      <Filter>client_effects</Filter>
    </ClCompile>
    <ClCompile Include="client_effects\fx_animate.c">
      <Filter>client_effects</Filter>
    </ClCompile>
    <ClCompile Include="client_effects\fx_assassin.c">
      <Filter>client_effects</Filter>
    </ClCompile>
    <ClCompile Include="client_effects\fx_blood.c">
      <Filter>client_effects</Filter>
    </ClCompile>
    <ClCompile Include="client_effects\fx_blue_ring.c">
      <Filter>client_effects</Filter>
    </ClCompile>
    <ClCompile Include="client_effects\fx_bubbler.c">
      <Filter>client_effects</Filter>
    </ClCompile>
    <ClCompile Include="client_effects\fx_crosshair.c">
      <Filter>client_effects</Filter>
    </ClCompile>
    <ClCompile Include="client_effects\fx_cwatcher.c">
      <Filter>client_effects</Filter>
    </ClCompile>
    <ClCompile Include="client_effects\fx_debris.c">
      <Filter>client_effects</Filter>
    </ClCompile>
    <ClCompile Include="client_effects\fx_defense_pickup.c">
      <Filter>client_effects</Filter>
    </ClCompile>
    <ClCompile Include="client_effects\fx_dripper.c">
      <Filter>client_effects</Filter>
    </ClCompile>
    <ClCompile Include="client_effects\fx_dust.c">
      <Filter>client_effects</Filter>
    </ClCompile>
    <ClCompile Include="client_effects\fx_dustpuff.c">
      <Filter>client_effects</Filter>
    </ClCompile>
    <ClCompile Include="client_effects\fx_fire.c">
      <Filter>client_effects</Filter>
    </ClCompile>
    <ClCompile Include="client_effects\fx_firehands.c">
      <Filter>client_effects</Filter>
    </ClCompile>
    <ClCompile Include="client_effects\fx_flamethrow.c">
      <Filter>client_effects</Filter>
    </ClCompile>
    <ClCompile Include="client_effects\fx_flyingfist.c">
      <Filter>client_effects</Filter>
    </ClCompile>
    <ClCompile Include="client_effects\fx_fountain.c">
      <Filter>client_effects</Filter>
    </ClCompile>
    <ClCompile Include="client_effects\fx_halo.c">
      <Filter>client_effects</Filter>
    </ClCompile>
    <ClCompile Include="client_effects\fx_health_pickup.c">
      <Filter>client_effects</Filter>
    </ClCompile>
    <ClCompile Include="client_effects\fx_hell_staff.c">
      <Filter>client_effects</Filter>
    </ClCompile>
    <ClCompile Include="client_effects\fx_hitpuff.c">
      <Filter>client_effects</Filter>
    </ClCompile>
    <ClCompile Include="client_effects\fx_hpproj.c">
      <Filter>client_effects</Filter>
    </ClCompile>
    <ClCompile Include="client_effects\fx_insectstaff.c">
      <Filter>client_effects</Filter>
    </ClCompile>
    <ClCompile Include="client_effects\fx_lensflare.c">
      <Filter>client_effects</Filter>
    </ClCompile>
    <ClCompile Include="client_effects\fx_lightning.c">
      <Filter>client_effects</Filter>
    </ClCompile>
    <ClCompile Include="client_effects\fx_maceball.c">
      <Filter>client_effects</Filter>
    </ClCompile>
    <ClCompile Include="client_effects\fx_magicmissile.c">
      <Filter>client_effects</Filter>
    </ClCompile>
    <ClCompile Include="client_effects\fx_meteorbarrier.c">
      <Filter>client_effects</Filter>
    </ClCompile>
    <ClCompile Include="client_effects\fx_mist.c">
      <Filter>client_effects</Filter>
    </ClCompile>
    <ClCompile Include="client_effects\fx_mork.c">
      <Filter>client_effects</Filter>
    </ClCompile>
    <ClCompile Include="client_effects\fx_morph.c">
      <Filter>client_effects</Filter>
    </ClCompile>
    <ClCompile Include="client_effects\fx_objects.c">
      <Filter>client_effects</Filter>
    </ClCompile>
    <ClCompile Include="client_effects\fx_pespell.c">
      <Filter>client_effects</Filter>
    </ClCompile>
    <ClCompile Include="client_effects\fx_phoenix.c">
      <Filter>client_effects</Filter>
    </ClCompile>
    <ClCompile Include="client_effects\fx_pickup.c">
      <Filter>client_effects</Filter>
    </ClCompile>
    <ClCompile Include="client_effects\fx_pickuppuzzle.c">
      <Filter>client_effects</Filter>
    </ClCompile>
    <ClCompile Include="client_effects\fx_plaguemist.c">
      <Filter>client_effects</Filter>
    </ClCompile>
    <ClCompile Include="client_effects\fx_plaguemistexplode.c">
      <Filter>client_effects</Filter>
    </ClCompile>
    <ClCompile Include="client_effects\fx_portal.c">
      <Filter>client_effects</Filter>
    </ClCompile>
    <ClCompile Include="client_effects\fx_quake.c">
      <Filter>client_effects</Filter>
    </ClCompile>
    <ClCompile Include="client_effects\fx_redrain.c">
      <Filter>client_effects</Filter>
    </ClCompile>
    <ClCompile Include="client_effects\fx_redrainglow.c">
      <Filter>client_effects</Filter>
    </ClCompile>
    <ClCompile Include="client_effects\fx_remotecamera.c">
      <Filter>client_effects</Filter>
    </ClCompile>
    <ClCompile Include="client_effects\fx_ripples.c">
      <Filter>client_effects</Filter>
    </ClCompile>
    <ClCompile Include="client_effects\fx_rope.c">
      <Filter>client_effects</Filter>
    </ClCompile>
    <ClCompile Include="client_effects\fx_scorchmark.c">
      <Filter>client_effects</Filter>
    </ClCompile>
    <ClCompile Include="client_effects\fx_shadow.c">
      <Filter>client_effects</Filter>
    </ClCompile>
    <ClCompile Include="client_effects\fx_shield.c">
      <Filter>client_effects</Filter>
    </ClCompile>
    <ClCompile Include="client_effects\fx_shrine.c">
      <Filter>client_effects</Filter>
    </ClCompile>
    <ClCompile Include="client_effects\fx_smoke.c">
      <Filter>client_effects</Filter>
    </ClCompile>
    <ClCompile Include="client_effects\fx_sound.c">
      <Filter>client_effects</Filter>
    </ClCompile>
    <ClCompile Include="client_effects\fx_sparks.c">
      <Filter>client_effects</Filter>
    </ClCompile>
    <ClCompile Include="client_effects\fx_spellchange.c">
      <Filter>client_effects</Filter>
    </ClCompile>
    <ClCompile Include="client_effects\fx_spellhands.c">
      <Filter>client_effects</Filter>
    </ClCompile>
    <ClCompile Include="client_effects\fx_sphereofannihlation.c">
      <Filter>client_effects</Filter>
    </ClCompile>
    <ClCompile Include="client_effects\fx_spoo.c">
      <Filter>client_effects</Filter>
    </ClCompile>
    <ClCompile Include="client_effects\fx_ssarrow.c">
      <Filter>client_effects</Filter>
    </ClCompile>
    <ClCompile Include="client_effects\fx_ssithra.c">
      <Filter>client_effects</Filter>
    </ClCompile>
    <ClCompile Include="client_effects\fx_staff.c">
      <Filter>client_effects</Filter>
    </ClCompile>
    <ClCompile Include="client_effects\fx_tbeast.c">
      <Filter>client_effects</Filter>
    </ClCompile>
    <ClCompile Include="client_effects\fx_teleport.c">
      <Filter>client_effects</Filter>
    </ClCompile>
    <ClCompile Include="client_effects\fx_tome.c">
      <Filter>client_effects</Filter>
    </ClCompile>
    <ClCompile Include="client_effects\fx_tornado.c">
      <Filter>client_effects</Filter>
    </ClCompile>
    <ClCompile Include="client_effects\fx_wall.c">
      <Filter>client_effects</Filter>
    </ClCompile>
    <ClCompile Include="client_effects\fx_waterentrysplash.c">
      <Filter>client_effects</Filter>
    </ClCompile>
    <ClCompile Include="client_effects\fx_waterwake.c">
      <Filter>client_effects</Filter>
    </ClCompile>
    <ClCompile Include="client_effects\fx_weaponpickup.c">
      <Filter>client_effects</Filter>
    </ClCompile>
    <ClCompile Include="client_effects\generic_character_effects.c">
      <Filter>client_effects</Filter>
    </ClCompile>
    <ClCompile Include="client_effects\generic_weapon_effects.c">
      <Filter>client_effects</Filter>
    </ClCompile>
    <ClCompile Include="client_effects\item_effects.c">
      <Filter>client_effects</Filter>
    </ClCompile>
    <ClCompile Include="client_effects\level_maps.c">
      <Filter>client_effects</Filter>
    </ClCompile>
    <ClCompile Include="client_effects\light_styles.c">
      <Filter>client_effects</Filter>
    </ClCompile>
    <ClCompile Include="client_effects\main.c">
      <Filter>client_effects</Filter>
    </ClCompile>
    <ClCompile Include="client_effects\particle.c">
      <Filter>client_effects</Filter>
    </ClCompile>
    <ClCompile Include="client_effects\player_effects.c">
      <Filter>client_effects</Filter>
    </ClCompile>
    <ClCompile Include="client_effects\test_effect.c">
      <Filter>client_effects</Filter>
    </ClCompile>
    <ClCompile Include="client_effects\utilities.c">
      <Filter>client_effects</Filter>
    </ClCompile>
    <ClCompile Include="game\buoy.c">
      <Filter>game</Filter>
    </ClCompile>
    <ClCompile Include="game\c_ai.c">
      <Filter>game</Filter>
    </ClCompile>
    <ClCompile Include="game\c_corvus1.c">
      <Filter>game</Filter>
    </ClCompile>
    <ClCompile Include="game\c_corvus1_anim.c">
      <Filter>game</Filter>
    </ClCompile>
    <ClCompile Include="game\c_corvus2.c">
      <Filter>game</Filter>
    </ClCompile>
    <ClCompile Include="game\c_corvus2_anim.c">
      <Filter>game</Filter>
    </ClCompile>
    <ClCompile Include="game\c_corvus3.c">
      <Filter>game</Filter>
    </ClCompile>
    <ClCompile Include="game\c_corvus3_anim.c">
      <Filter>game</Filter>
    </ClCompile>
    <ClCompile Include="game\c_corvus4.c">
      <Filter>game</Filter>
    </ClCompile>
    <ClCompile Include="game\c_corvus4_anim.c">
      <Filter>game</Filter>
    </ClCompile>
    <ClCompile Include="game\c_corvus5.c">
      <Filter>game</Filter>
    </ClCompile>
    <ClCompile Include="game\c_corvus5_anim.c">
      <Filter>game</Filter>
    </ClCompile>
    <ClCompile Include="game\c_corvus6.c">
      <Filter>game</Filter>
    </ClCompile>
    <ClCompile Include="game\c_corvus6_anim.c">
      <Filter>game</Filter>
    </ClCompile>
    <ClCompile Include="game\c_corvus7.c">
      <Filter>game</Filter>
    </ClCompile>
    <ClCompile Include="game\c_corvus7_anim.c">
      <Filter>game</Filter>
    </ClCompile>
    <ClCompile Include="game\c_corvus8.c">
      <Filter>game</Filter>
    </ClCompile>
    <ClCompile Include="game\c_corvus8_anim.c">
      <Filter>game</Filter>
    </ClCompile>
    <ClCompile Include="game\c_corvus9.c">
      <Filter>game</Filter>
    </ClCompile>
    <ClCompile Include="game\c_corvus9_anim.c">
      <Filter>game</Filter>
    </ClCompile>
    <ClCompile Include="game\c_dranor.c">
      <Filter>game</Filter>
    </ClCompile>
    <ClCompile Include="game\c_dranor_anim.c">
      <Filter>game</Filter>
    </ClCompile>
    <ClCompile Include="game\c_elflord.c">
      <Filter>game</Filter>
    </ClCompile>
    <ClCompile Include="game\c_elflord_anim.c">
      <Filter>game</Filter>
    </ClCompile>
    <ClCompile Include="game\c_morcalavin.c">
      <Filter>game</Filter>
    </ClCompile>
    <ClCompile Include="game\c_morcalavin_anim.c">
      <Filter>game</Filter>
    </ClCompile>
    <ClCompile Include="game\c_priestess.c">
      <Filter>game</Filter>
    </ClCompile>
    <ClCompile Include="game\c_priestess_anim.c">
      <Filter>game</Filter>
    </ClCompile>
    <ClCompile Include="game\c_priestess2.c">
      <Filter>game</Filter>
    </ClCompile>
    <ClCompile Include="game\c_priestess2_anim.c">
      <Filter>game</Filter>
    </ClCompile>
    <ClCompile Include="game\c_siernan1.c">
      <Filter>game</Filter>
    </ClCompile>
    <ClCompile Include="game\c_siernan1_anim.c">
      <Filter>game</Filter>
    </ClCompile>
    <ClCompile Include="game\c_siernan2.c">
      <Filter>game</Filter>
    </ClCompile>
    <ClCompile Include="game\c_siernan2_anim.c">
      <Filter>game</Filter>
    </ClCompile>
    <ClCompile Include="game\c_ssithrascout.c">
      <Filter>game</Filter>
    </ClCompile>
    <ClCompile Include="game\c_ssithrascout_anim.c">
      <Filter>game</Filter>
    </ClCompile>
    <ClCompile Include="game\c_tome.c">
      <Filter>game</Filter>
    </ClCompile>
    <ClCompile Include="game\c_tome_anim.c">
      <Filter>game</Filter>
    </ClCompile>
    <ClCompile Include="game\c_victimssithra.c">
      <Filter>game</Filter>
    </ClCompile>
    <ClCompile Include="game\c_victimssithra_anim.c">
      <Filter>game</Filter>
    </ClCompile>
    <ClCompile Include="game\decals.c">
      <Filter>game</Filter>
    </ClCompile>
    <ClCompile Include="game\g_ai.c">
      <Filter>game</Filter>
    </ClCompile>
    <ClCompile Include="game\g_breakable.c">
      <Filter>game</Filter>
    </ClCompile>
    <ClCompile Include="game\g_classstatics.c">
      <Filter>game</Filter>
    </ClCompile>
    <ClCompile Include="game\g_cmds.c">
      <Filter>game</Filter>
    </ClCompile>
    <ClCompile Include="game\g_combat.c">
      <Filter>game</Filter>
    </ClCompile>
    <ClCompile Include="game\g_DefaultMessageHandler.c">
      <Filter>game</Filter>
    </ClCompile>
    <ClCompile Include="game\g_env.c">
      <Filter>game</Filter>
    </ClCompile>
    <ClCompile Include="game\g_field.c">
      <Filter>game</Filter>
    </ClCompile>
    <ClCompile Include="game\g_flamethrow.c">
      <Filter>game</Filter>
    </ClCompile>
    <ClCompile Include="game\g_func.c">
      <Filter>game</Filter>
    </ClCompile>
    <ClCompile Include="game\g_HitLocation.c">
      <Filter>game</Filter>
    </ClCompile>
    <ClCompile Include="game\g_items.c">
      <Filter>game</Filter>
    </ClCompile>
    <ClCompile Include="game\g_items_pickups.c">
      <Filter>game</Filter>
    </ClCompile>
    <ClCompile Include="game\g_light.c">
      <Filter>game</Filter>
    </ClCompile>
    <ClCompile Include="game\g_main.c">
      <Filter>game</Filter>
    </ClCompile>
    <ClCompile Include="game\g_Message.c">
      <Filter>game</Filter>
    </ClCompile>
    <ClCompile Include="game\g_misc.c">
      <Filter>game</Filter>
    </ClCompile>
    <ClCompile Include="game\g_monster.c">
      <Filter>game</Filter>
    </ClCompile>
    <ClCompile Include="game\g_MoveInfo.c">
      <Filter>game</Filter>
    </ClCompile>
    <ClCompile Include="game\g_obj.c">
      <Filter>game</Filter>
    </ClCompile>
    <ClCompile Include="game\g_phys.c">
      <Filter>game</Filter>
    </ClCompile>
    <ClCompile Include="game\g_physics.c">
      <Filter>game</Filter>
    </ClCompile>
    <ClCompile Include="game\g_ResourceManagers.c">
      <Filter>game</Filter>
    </ClCompile>
    <ClCompile Include="game\g_rope.c">
      <Filter>game</Filter>
    </ClCompile>
    <ClCompile Include="game\g_save.cpp">
      <Filter>game</Filter>
    </ClCompile>
    <ClCompile Include="game\g_shrine.c">
      <Filter>game</Filter>
    </ClCompile>
    <ClCompile Include="game\g_skeletons.c">
      <Filter>game</Filter>
    </ClCompile>
    <ClCompile Include="game\g_spawn.c">
      <Filter>game</Filter>
    </ClCompile>
    <ClCompile Include="game\g_spawnf.c">
      <Filter>game</Filter>
    </ClCompile>
    <ClCompile Include="game\g_StateInfo.c">
      <Filter>game</Filter>
    </ClCompile>
    <ClCompile Include="game\g_svcmds.c">
      <Filter>game</Filter>
    </ClCompile>
    <ClCompile Include="game\g_target.c">
      <Filter>game</Filter>
    </ClCompile>
    <ClCompile Include="game\g_trigger.c">
      <Filter>game</Filter>
    </ClCompile>
    <ClCompile Include="game\g_utils.c">
      <Filter>game</Filter>
    </ClCompile>
    <ClCompile Include="game\g_waterfx.c">
      <Filter>game</Filter>
    </ClCompile>
    <ClCompile Include="game\g_weapon.c">
      <Filter>game</Filter>
    </ClCompile>
    <ClCompile Include="game\game_utilities.c">
      <Filter>game</Filter>
    </ClCompile>
    <ClCompile Include="game\m_assassin.c">
      <Filter>game</Filter>
    </ClCompile>
    <ClCompile Include="game\m_assassin_anim.c">
      <Filter>game</Filter>
    </ClCompile>
    <ClCompile Include="game\m_beast.c">
      <Filter>game</Filter>
    </ClCompile>
    <ClCompile Include="game\m_beast_anim.c">
      <Filter>game</Filter>
    </ClCompile>
    <ClCompile Include="game\m_bee.c">
      <Filter>game</Filter>
    </ClCompile>
    <ClCompile Include="game\m_chicken.c">
      <Filter>game</Filter>
    </ClCompile>
    <ClCompile Include="game\m_chicken_anim.c">
      <Filter>game</Filter>
    </ClCompile>
    <ClCompile Include="game\m_elflord.c">
      <Filter>game</Filter>
    </ClCompile>
    <ClCompile Include="game\m_elflord_anims.c">
      <Filter>game</Filter>
    </ClCompile>
    <ClCompile Include="game\m_fish.c">
      <Filter>game</Filter>
    </ClCompile>
    <ClCompile Include="game\m_fish_anim.c">
      <Filter>game</Filter>
    </ClCompile>
    <ClCompile Include="game\m_FMtest.c">
      <Filter>game</Filter>
    </ClCompile>
    <ClCompile Include="game\m_gkrokon.c">
      <Filter>game</Filter>
    </ClCompile>
    <ClCompile Include="game\m_gkrokon_anim.c">
      <Filter>game</Filter>
    </ClCompile>
    <ClCompile Include="game\m_gorgon.c">
      <Filter>game</Filter>
    </ClCompile>
    <ClCompile Include="game\m_gorgon_anim.c">
      <Filter>game</Filter>
    </ClCompile>
    <ClCompile Include="game\m_harpy.c">
      <Filter>game</Filter>
    </ClCompile>
    <ClCompile Include="game\m_harpy_anim.c">
      <Filter>game</Filter>
    </ClCompile>
    <ClCompile Include="game\m_imp.c">
      <Filter>game</Filter>
    </ClCompile>
    <ClCompile Include="game\m_imp_anim.c">
      <Filter>game</Filter>
    </ClCompile>
    <ClCompile Include="game\m_morcalavin.c">
      <Filter>game</Filter>
    </ClCompile>
    <ClCompile Include="game\m_morcalavin_anim.c">
      <Filter>game</Filter>
    </ClCompile>
    <ClCompile Include="game\m_mother.c">
      <Filter>game</Filter>
    </ClCompile>
    <ClCompile Include="game\m_mother_anim.c">
      <Filter>game</Filter>
    </ClCompile>
    <ClCompile Include="game\m_move.c">
      <Filter>game</Filter>
    </ClCompile>
    <ClCompile Include="game\m_mssithra.c">
      <Filter>game</Filter>
    </ClCompile>
    <ClCompile Include="game\m_mssithra_anim.c">
      <Filter>game</Filter>
    </ClCompile>
    <ClCompile Include="game\m_ogle.c">
      <Filter>game</Filter>
    </ClCompile>
    <ClCompile Include="game\m_ogle_anim.c">
      <Filter>game</Filter>
    </ClCompile>
    <ClCompile Include="game\m_plagueElf.c">
      <Filter>game</Filter>
    </ClCompile>
    <ClCompile Include="game\m_plagueElf_anim.c">
      <Filter>game</Filter>
    </ClCompile>
    <ClCompile Include="game\m_plagueSsithra.c">
      <Filter>game</Filter>
    </ClCompile>
    <ClCompile Include="game\m_plagueSsithra_anim.c">
      <Filter>game</Filter>
    </ClCompile>
    <ClCompile Include="game\m_priestess.c">
      <Filter>game</Filter>
    </ClCompile>
    <ClCompile Include="game\m_priestess_anim.c">
      <Filter>game</Filter>
    </ClCompile>
    <ClCompile Include="game\m_rat.c">
      <Filter>game</Filter>
    </ClCompile>
    <ClCompile Include="game\m_rat_anim.c">
      <Filter>game</Filter>
    </ClCompile>
    <ClCompile Include="game\m_seraph.c">
      <Filter>game</Filter>
    </ClCompile>
    <ClCompile Include="game\m_seraph_anim.c">
      <Filter>game</Filter>
    </ClCompile>
    <ClCompile Include="game\m_seraph_guard.c">
      <Filter>game</Filter>
    </ClCompile>
    <ClCompile Include="game\m_seraph_guard_anim.c">
      <Filter>game</Filter>
    </ClCompile>
    <ClCompile Include="game\m_spreader.c">
      <Filter>game</Filter>
    </ClCompile>
    <ClCompile Include="game\m_spreader_anim.c">
      <Filter>game</Filter>
    </ClCompile>
    <ClCompile Include="game\m_spreadermist.c">
      <Filter>game</Filter>
    </ClCompile>
    <ClCompile Include="game\m_stats.c">
      <Filter>game</Filter>
    </ClCompile>
    <ClCompile Include="game\m_tcheckrik.c">
      <Filter>game</Filter>
    </ClCompile>
    <ClCompile Include="game\m_tcheckrik_anim.c">
      <Filter>game</Filter>
    </ClCompile>
    <ClCompile Include="game\m_tcheckrik_spells.c">
      <Filter>game</Filter>
    </ClCompile>
    <ClCompile Include="game\mg_ai.c">
      <Filter>game</Filter>
    </ClCompile>
    <ClCompile Include="game\mg_guide.c">
      <Filter>game</Filter>
    </ClCompile>
    <ClCompile Include="game\p_client.c">
      <Filter>game</Filter>
    </ClCompile>
    <ClCompile Include="game\p_funcs.c">
      <Filter>game</Filter>
    </ClCompile>
    <ClCompile Include="game\p_hud.c">
      <Filter>game</Filter>
    </ClCompile>
    <ClCompile Include="game\p_item.c">
      <Filter>game</Filter>
    </ClCompile>
    <ClCompile Include="game\p_view.c">
      <Filter>game</Filter>
    </ClCompile>
    <ClCompile Include="qcommon\q_shared.c">
      <Filter>game</Filter>
    </ClCompile>
    <ClCompile Include="game\Script.cpp">
      <Filter>game</Filter>
    </ClCompile>
    <ClCompile Include="qcommon\skeletons.c">
      <Filter>game</Filter>
    </ClCompile>
    <ClCompile Include="game\spl_blast.c">
      <Filter>game</Filter>
    </ClCompile>
    <ClCompile Include="game\spl_BlueRing.c">
      <Filter>game</Filter>
    </ClCompile>
    <ClCompile Include="game\spl_flyingfist.c">
      <Filter>game</Filter>
    </ClCompile>
    <ClCompile Include="game\spl_HellStaff.c">
      <Filter>game</Filter>
    </ClCompile>
    <ClCompile Include="game\spl_maceballs.c">
      <Filter>game</Filter>
    </ClCompile>
    <ClCompile Include="game\spl_magicmissile.c">
      <Filter>game</Filter>
    </ClCompile>
    <ClCompile Include="game\spl_meteorbarrier.c">
      <Filter>game</Filter>
    </ClCompile>
    <ClCompile Include="game\spl_morph.c">
      <Filter>game</Filter>
    </ClCompile>
    <ClCompile Include="game\spl_Phoenix.c">
      <Filter>game</Filter>
    </ClCompile>
    <ClCompile Include="game\spl_powerup.c">
      <Filter>game</Filter>
    </ClCompile>
    <ClCompile Include="game\spl_RedRain.c">
      <Filter>game</Filter>
    </ClCompile>
    <ClCompile Include="game\spl_ripper.c">
      <Filter>game</Filter>
    </ClCompile>
    <ClCompile Include="game\spl_shield.c">
      <Filter>game</Filter>
    </ClCompile>
    <ClCompile Include="game\spl_sphereofannihlation.c">
      <Filter>game</Filter>
    </ClCompile>
    <ClCompile Include="game\spl_teleport.c">
      <Filter>game</Filter>
    </ClCompile>
    <ClCompile Include="game\spl_tornado.c">
      <Filter>game</Filter>
    </ClCompile>
    <ClCompile Include="game\spl_wall.c">
      <Filter>game</Filter>
    </ClCompile>
    <ClCompile Include="h2common\h2math.c">
      <Filter>h2common</Filter>
    </ClCompile>
    <ClCompile Include="h2common\h2motion.c">
      <Filter>h2common</Filter>
    </ClCompile>
    <ClCompile Include="h2common\h2palette.c">
      <Filter>h2common</Filter>
    </ClCompile>
    <ClCompile Include="h2common\h2physics.c">
      <Filter>h2common</Filter>
    </ClCompile>
    <ClCompile Include="h2common\h2singlylinkedlist.c">
      <Filter>h2common</Filter>
    </ClCompile>
    <ClCompile Include="h2common\h2surfaces.c">
      <Filter>h2common</Filter>
    </ClCompile>
    <ClCompile Include="h2common\h2vector.c">
      <Filter>h2common</Filter>
    </ClCompile>
    <ClCompile Include="player\p_actions.c">
      <Filter>player</Filter>
    </ClCompile>
    <ClCompile Include="player\p_anim_branch.c">
      <Filter>player</Filter>
    </ClCompile>
    <ClCompile Include="player\p_anim_data.c">
      <Filter>player</Filter>
    </ClCompile>
    <ClCompile Include="player\p_animactor.c">
      <Filter>player</Filter>
    </ClCompile>
    <ClCompile Include="player\p_anims.c">
      <Filter>player</Filter>
    </ClCompile>
    <ClCompile Include="player\p_chicken.c">
      <Filter>player</Filter>
    </ClCompile>
    <ClCompile Include="player\p_chicken_anim.c">
      <Filter>player</Filter>
    </ClCompile>
    <ClCompile Include="player\p_ctrl.c">
      <Filter>player</Filter>
    </ClCompile>
    <ClCompile Include="player\p_items.c">
      <Filter>player</Filter>
    </ClCompile>
    <ClCompile Include="player\p_main.c">
      <Filter>player</Filter>
    </ClCompile>
    <ClCompile Include="player\p_weapon.c">
      <Filter>player</Filter>
    </ClCompile>
    <ClCompile Include="player\player_main.c">
      <Filter>player</Filter>
    </ClCompile>
    <ClCompile Include="qcommon\cmd.c">
      <Filter>qcommon</Filter>
    </ClCompile>
    <ClCompile Include="qcommon\cmodel.c">
      <Filter>qcommon</Filter>
    </ClCompile>
    <ClCompile Include="qcommon\common.c">
      <Filter>qcommon</Filter>
    </ClCompile>
    <ClCompile Include="qcommon\crc.c">
      <Filter>qcommon</Filter>
    </ClCompile>
    <ClCompile Include="qcommon\cvar.c">
      <Filter>qcommon</Filter>
    </ClCompile>
    <ClCompile Include="qcommon\files.c">
      <Filter>qcommon</Filter>
    </ClCompile>
    <ClCompile Include="qcommon\md4.c">
      <Filter>qcommon</Filter>
    </ClCompile>
    <ClCompile Include="qcommon\net_chan.c">
      <Filter>qcommon</Filter>
    </ClCompile>
    <ClCompile Include="qcommon\netmsg_read.c">
      <Filter>qcommon</Filter>
    </ClCompile>
    <ClCompile Include="qcommon\pmove.c">
      <Filter>qcommon</Filter>
    </ClCompile>
    <ClCompile Include="qcommon\reference.c">
      <Filter>qcommon</Filter>
    </ClCompile>
    <ClCompile Include="ref_common\r_Skeletons.c">
      <Filter>ref_common</Filter>
    </ClCompile>
    <ClCompile Include="ref_gl\gl_book.c">
      <Filter>ref_gl</Filter>
    </ClCompile>
    <ClCompile Include="ref_gl\gl_draw.c">
      <Filter>ref_gl</Filter>
    </ClCompile>
    <ClCompile Include="ref_gl\gl_fmodel.c">
      <Filter>ref_gl</Filter>
    </ClCompile>
    <ClCompile Include="ref_gl\gl_image.c">
      <Filter>ref_gl</Filter>
    </ClCompile>
    <ClCompile Include="ref_gl\gl_light.c">
      <Filter>ref_gl</Filter>
    </ClCompile>
    <ClCompile Include="ref_gl\gl_math.c">
      <Filter>ref_gl</Filter>
    </ClCompile>
    <ClCompile Include="ref_gl\gl_mesh.c">
      <Filter>ref_gl</Filter>
    </ClCompile>
    <ClCompile Include="ref_gl\gl_model.c">
      <Filter>ref_gl</Filter>
    </ClCompile>
    <ClCompile Include="ref_gl\gl_movie.c">
      <Filter>ref_gl</Filter>
    </ClCompile>
    <ClCompile Include="ref_gl\gl_rmain.c">
      <Filter>ref_gl</Filter>
    </ClCompile>
    <ClCompile Include="ref_gl\gl_rmisc.c">
      <Filter>ref_gl</Filter>
    </ClCompile>
    <ClCompile Include="ref_gl\gl_rsurf.c">
      <Filter>ref_gl</Filter>
    </ClCompile>
    <ClCompile Include="ref_gl\gl_warp.c">
      <Filter>ref_gl</Filter>
    </ClCompile>
    <ClCompile Include="win32\conproc.c">
      <Filter>win32</Filter>
    </ClCompile>
    <ClCompile Include="win32\in_win.c">
      <Filter>win32</Filter>
    </ClCompile>
    <ClCompile Include="win32\net_wins.c">
      <Filter>win32</Filter>
    </ClCompile>
    <ClCompile Include="win32\sys_win.c">
      <Filter>win32</Filter>
    </ClCompile>
    <ClCompile Include="win32\vid_dll.c">
      <Filter>win32</Filter>
    </ClCompile>
    <ClCompile Include="win32\vid_menu.c">
      <Filter>win32</Filter>
    </ClCompile>
    <ClCompile Include="server\sv_ccmds.c">
      <Filter>server</Filter>
    </ClCompile>
    <ClCompile Include="server\sv_ents.c">
      <Filter>server</Filter>
    </ClCompile>
    <ClCompile Include="server\sv_game.c">
      <Filter>server</Filter>
    </ClCompile>
    <ClCompile Include="server\sv_init.c">
      <Filter>server</Filter>
    </ClCompile>
    <ClCompile Include="server\sv_main.c">
      <Filter>server</Filter>
    </ClCompile>
    <ClCompile Include="server\sv_send.c">
      <Filter>server</Filter>
    </ClCompile>
    <ClCompile Include="server\sv_user.c">
      <Filter>server</Filter>
    </ClCompile>
    <ClCompile Include="server\sv_world.c">
      <Filter>server</Filter>
    </ClCompile>
    <ClCompile Include="client\cl_string.c">
      <Filter>client</Filter>
    </ClCompile>
    <ClCompile Include="external\smacker.c">
      <Filter>external</Filter>
    </ClCompile>
    <ClCompile Include="external\smk_bitstream.c">
      <Filter>external</Filter>
    </ClCompile>
    <ClCompile Include="external\smk_hufftree.c">
      <Filter>external</Filter>
    </ClCompile>
    <ClCompile Include="qcommon\resource_manager.c">
      <Filter>qcommon</Filter>
    </ClCompile>
    <ClCompile Include="WinSnd\s_eax.cpp">
      <Filter>WinSnd</Filter>
    </ClCompile>
    <ClCompile Include="qcommon\message.c">
      <Filter>qcommon</Filter>
    </ClCompile>
    <ClCompile Include="qcommon\p_dll.c">
      <Filter>qcommon</Filter>
    </ClCompile>
    <ClCompile Include="qcommon\rand.c">
      <Filter>qcommon</Filter>
    </ClCompile>
    <ClCompile Include="win32\glw_imp.c">
      <Filter>win32</Filter>
    </ClCompile>
    <ClCompile Include="win32\q_shwin.c">
      <Filter>win32</Filter>
    </ClCompile>
    <ClCompile Include="win32\qgl_win.c">
      <Filter>win32</Filter>
    </ClCompile>
  </ItemGroup>
  <ItemGroup>
    <ClInclude Include="player\p_actions.h">
      <Filter>player</Filter>
    </ClInclude>
    <ClInclude Include="player\p_anim_branch.h">
      <Filter>player</Filter>
    </ClInclude>
    <ClInclude Include="player\p_anim_data.h">
      <Filter>player</Filter>
    </ClInclude>
    <ClInclude Include="player\p_animactor.h">
      <Filter>player</Filter>
    </ClInclude>
    <ClInclude Include="player\p_anims.h">
      <Filter>player</Filter>
    </ClInclude>
    <ClInclude Include="player\p_chicken.h">
      <Filter>player</Filter>
    </ClInclude>
    <ClInclude Include="player\p_ctrl.h">
      <Filter>player</Filter>
    </ClInclude>
    <ClInclude Include="player\p_items.h">
      <Filter>player</Filter>
    </ClInclude>
    <ClInclude Include="player\p_main.h">
      <Filter>player</Filter>
    </ClInclude>
    <ClInclude Include="player\p_newmove.h">
      <Filter>player</Filter>
    </ClInclude>
    <ClInclude Include="player\p_types.h">
      <Filter>player</Filter>
    </ClInclude>
    <ClInclude Include="player\p_weapon.h">
      <Filter>player</Filter>
    </ClInclude>
    <ClInclude Include="player\player.h">
      <Filter>player</Filter>
    </ClInclude>
    <ClInclude Include="game\decals.h">
      <Filter>game</Filter>
    </ClInclude>
    <ClInclude Include="game\buoy.h">
      <Filter>game</Filter>
    </ClInclude>
    <ClInclude Include="game\c_ai.h">
      <Filter>game</Filter>
    </ClInclude>
    <ClInclude Include="game\c_corvus1.h">
      <Filter>game</Filter>
    </ClInclude>
    <ClInclude Include="game\c_corvus1_anim.h">
      <Filter>game</Filter>
    </ClInclude>
    <ClInclude Include="game\c_corvus2.h">
      <Filter>game</Filter>
    </ClInclude>
    <ClInclude Include="game\c_corvus2_anim.h">
      <Filter>game</Filter>
    </ClInclude>
    <ClInclude Include="game\c_corvus3.h">
      <Filter>game</Filter>
    </ClInclude>
    <ClInclude Include="game\c_corvus3_anim.h">
      <Filter>game</Filter>
    </ClInclude>
    <ClInclude Include="game\c_corvus4.h">
      <Filter>game</Filter>
    </ClInclude>
    <ClInclude Include="game\c_corvus4_anim.h">
      <Filter>game</Filter>
    </ClInclude>
    <ClInclude Include="game\c_corvus5.h">
      <Filter>game</Filter>
    </ClInclude>
    <ClInclude Include="game\c_corvus5_anim.h">
      <Filter>game</Filter>
    </ClInclude>
    <ClInclude Include="game\c_corvus6.h">
      <Filter>game</Filter>
    </ClInclude>
    <ClInclude Include="game\c_corvus6_anim.h">
      <Filter>game</Filter>
    </ClInclude>
    <ClInclude Include="game\c_corvus7.h">
      <Filter>game</Filter>
    </ClInclude>
    <ClInclude Include="game\c_corvus7_anim.h">
      <Filter>game</Filter>
    </ClInclude>
    <ClInclude Include="game\c_corvus8.h">
      <Filter>game</Filter>
    </ClInclude>
    <ClInclude Include="game\c_corvus8_anim.h">
      <Filter>game</Filter>
    </ClInclude>
    <ClInclude Include="game\c_corvus9.h">
      <Filter>game</Filter>
    </ClInclude>
    <ClInclude Include="game\c_corvus9_anim.h">
      <Filter>game</Filter>
    </ClInclude>
    <ClInclude Include="game\c_dranor.h">
      <Filter>game</Filter>
    </ClInclude>
    <ClInclude Include="game\c_dranor_anim.h">
      <Filter>game</Filter>
    </ClInclude>
    <ClInclude Include="game\c_elflord.h">
      <Filter>game</Filter>
    </ClInclude>
    <ClInclude Include="game\c_elflord_anim.h">
      <Filter>game</Filter>
    </ClInclude>
    <ClInclude Include="game\c_morcalavin.h">
      <Filter>game</Filter>
    </ClInclude>
    <ClInclude Include="game\c_morcalavin_anim.h">
      <Filter>game</Filter>
    </ClInclude>
    <ClInclude Include="game\c_priestess.h">
      <Filter>game</Filter>
    </ClInclude>
    <ClInclude Include="game\c_priestess_anim.h">
      <Filter>game</Filter>
    </ClInclude>
    <ClInclude Include="game\c_priestess2.h">
      <Filter>game</Filter>
    </ClInclude>
    <ClInclude Include="game\c_priestess2_anim.h">
      <Filter>game</Filter>
    </ClInclude>
    <ClInclude Include="game\c_siernan1.h">
      <Filter>game</Filter>
    </ClInclude>
    <ClInclude Include="game\c_siernan1_anim.h">
      <Filter>game</Filter>
    </ClInclude>
    <ClInclude Include="game\c_siernan2.h">
      <Filter>game</Filter>
    </ClInclude>
    <ClInclude Include="game\c_siernan2_anim.h">
      <Filter>game</Filter>
    </ClInclude>
    <ClInclude Include="game\c_ssithrascout.h">
      <Filter>game</Filter>
    </ClInclude>
    <ClInclude Include="game\c_ssithrascout_anim.h">
      <Filter>game</Filter>
    </ClInclude>
    <ClInclude Include="game\c_tome.h">
      <Filter>game</Filter>
    </ClInclude>
    <ClInclude Include="game\c_tome_anim.h">
      <Filter>game</Filter>
    </ClInclude>
    <ClInclude Include="game\c_victimssithra.h">
      <Filter>game</Filter>
    </ClInclude>
    <ClInclude Include="game\c_victimssithra_anim.h">
      <Filter>game</Filter>
    </ClInclude>
    <ClInclude Include="game\ds.h">
      <Filter>game</Filter>
    </ClInclude>
    <ClInclude Include="game\g_classstatics.h">
      <Filter>game</Filter>
    </ClInclude>
    <ClInclude Include="game\g_DefaultMessageHandler.h">
      <Filter>game</Filter>
    </ClInclude>
    <ClInclude Include="game\g_Edict.h">
      <Filter>game</Filter>
    </ClInclude>
    <ClInclude Include="game\g_HitLocation.h">
      <Filter>game</Filter>
    </ClInclude>
    <ClInclude Include="game\g_items.h">
      <Filter>game</Filter>
    </ClInclude>
    <ClInclude Include="game\g_itemstats.h">
      <Filter>game</Filter>
    </ClInclude>
    <ClInclude Include="game\g_local.h">
      <Filter>game</Filter>
    </ClInclude>
    <ClInclude Include="game\g_Message.h">
      <Filter>game</Filter>
    </ClInclude>
    <ClInclude Include="game\g_misc.h">
      <Filter>game</Filter>
    </ClInclude>
    <ClInclude Include="game\g_monster.h">
      <Filter>game</Filter>
    </ClInclude>
    <ClInclude Include="game\g_Monster_State.h">
      <Filter>game</Filter>
    </ClInclude>
    <ClInclude Include="game\g_MoveInfo.h">
      <Filter>game</Filter>
    </ClInclude>
    <ClInclude Include="game\g_physics.h">
      <Filter>game</Filter>
    </ClInclude>
    <ClInclude Include="game\g_PhysicsInfo.h">
      <Filter>game</Filter>
    </ClInclude>
    <ClInclude Include="game\g_playstats.h">
      <Filter>game</Filter>
    </ClInclude>
    <ClInclude Include="game\g_Skeletons.h">
      <Filter>game</Filter>
    </ClInclude>
    <ClInclude Include="game\g_StateInfo.h">
      <Filter>game</Filter>
    </ClInclude>
    <ClInclude Include="game\g_teleport.h">
      <Filter>game</Filter>
    </ClInclude>
    <ClInclude Include="game\g_typedef.h">
      <Filter>game</Filter>
    </ClInclude>
    <ClInclude Include="game\g_volume_effect.h">
      <Filter>game</Filter>
    </ClInclude>
    <ClInclude Include="game\g_weapon.h">
      <Filter>game</Filter>
    </ClInclude>
    <ClInclude Include="game\game.h">
      <Filter>game</Filter>
    </ClInclude>
    <ClInclude Include="game\GameEntity.h">
      <Filter>game</Filter>
    </ClInclude>
    <ClInclude Include="game\list.h">
      <Filter>game</Filter>
    </ClInclude>
    <ClInclude Include="game\m_actor.h">
      <Filter>game</Filter>
    </ClInclude>
    <ClInclude Include="game\m_assassin.h">
      <Filter>game</Filter>
    </ClInclude>
    <ClInclude Include="game\m_assassin_anim.h">
      <Filter>game</Filter>
    </ClInclude>
    <ClInclude Include="game\m_beast.h">
      <Filter>game</Filter>
    </ClInclude>
    <ClInclude Include="game\m_beast_anim.h">
      <Filter>game</Filter>
    </ClInclude>
    <ClInclude Include="game\m_chicken.h">
      <Filter>game</Filter>
    </ClInclude>
    <ClInclude Include="game\m_chicken_anim.h">
      <Filter>game</Filter>
    </ClInclude>
    <ClInclude Include="game\m_elf.h">
      <Filter>game</Filter>
    </ClInclude>
    <ClInclude Include="game\m_elflord.h">
      <Filter>game</Filter>
    </ClInclude>
    <ClInclude Include="game\m_elflord_anims.h">
      <Filter>game</Filter>
    </ClInclude>
    <ClInclude Include="game\m_fish.h">
      <Filter>game</Filter>
    </ClInclude>
    <ClInclude Include="game\m_fish_anim.h">
      <Filter>game</Filter>
    </ClInclude>
    <ClInclude Include="game\m_gkrokon.h">
      <Filter>game</Filter>
    </ClInclude>
    <ClInclude Include="game\m_gkrokon_anim.h">
      <Filter>game</Filter>
    </ClInclude>
    <ClInclude Include="game\m_gorgon.h">
      <Filter>game</Filter>
    </ClInclude>
    <ClInclude Include="game\m_gorgon_anim.h">
      <Filter>game</Filter>
    </ClInclude>
    <ClInclude Include="game\m_harpy.h">
      <Filter>game</Filter>
    </ClInclude>
    <ClInclude Include="game\m_harpy_anim.h">
      <Filter>game</Filter>
    </ClInclude>
    <ClInclude Include="game\m_imp.h">
      <Filter>game</Filter>
    </ClInclude>
    <ClInclude Include="game\m_imp_anim.h">
      <Filter>game</Filter>
    </ClInclude>
    <ClInclude Include="game\m_morcalavin.h">
      <Filter>game</Filter>
    </ClInclude>
    <ClInclude Include="game\m_morcalavin_anim.h">
      <Filter>game</Filter>
    </ClInclude>
    <ClInclude Include="game\m_mother.h">
      <Filter>game</Filter>
    </ClInclude>
    <ClInclude Include="game\m_mother_anim.h">
      <Filter>game</Filter>
    </ClInclude>
    <ClInclude Include="game\m_mssithra.h">
      <Filter>game</Filter>
    </ClInclude>
    <ClInclude Include="game\m_mssithra_anim.h">
      <Filter>game</Filter>
    </ClInclude>
    <ClInclude Include="game\m_ogle.h">
      <Filter>game</Filter>
    </ClInclude>
    <ClInclude Include="game\m_ogle_anim.h">
      <Filter>game</Filter>
    </ClInclude>
    <ClInclude Include="game\m_plagueElf.h">
      <Filter>game</Filter>
    </ClInclude>
    <ClInclude Include="game\m_plagueElf_anim.h">
      <Filter>game</Filter>
    </ClInclude>
    <ClInclude Include="game\m_plagueSsithra.h">
      <Filter>game</Filter>
    </ClInclude>
    <ClInclude Include="game\m_plagueSsithra_anim.h">
      <Filter>game</Filter>
    </ClInclude>
    <ClInclude Include="game\m_player.h">
      <Filter>game</Filter>
    </ClInclude>
    <ClInclude Include="game\m_priestess.h">
      <Filter>game</Filter>
    </ClInclude>
    <ClInclude Include="game\m_priestess_anim.h">
      <Filter>game</Filter>
    </ClInclude>
    <ClInclude Include="game\m_rat.h">
      <Filter>game</Filter>
    </ClInclude>
    <ClInclude Include="game\m_rat_anim.h">
      <Filter>game</Filter>
    </ClInclude>
    <ClInclude Include="game\m_seraph.h">
      <Filter>game</Filter>
    </ClInclude>
    <ClInclude Include="game\m_seraph_anim.h">
      <Filter>game</Filter>
    </ClInclude>
    <ClInclude Include="game\m_seraph_guard.h">
      <Filter>game</Filter>
    </ClInclude>
    <ClInclude Include="game\m_seraph_guard_anim.h">
      <Filter>game</Filter>
    </ClInclude>
    <ClInclude Include="game\m_spreader.h">
      <Filter>game</Filter>
    </ClInclude>
    <ClInclude Include="game\m_spreader_anim.h">
      <Filter>game</Filter>
    </ClInclude>
    <ClInclude Include="game\m_spreaderbomb_anim.h">
      <Filter>game</Filter>
    </ClInclude>
    <ClInclude Include="game\m_spreadermist.h">
      <Filter>game</Filter>
    </ClInclude>
    <ClInclude Include="game\m_stats.h">
      <Filter>game</Filter>
    </ClInclude>
    <ClInclude Include="game\m_tcheckrik.h">
      <Filter>game</Filter>
    </ClInclude>
    <ClInclude Include="game\m_tcheckrik_anim.h">
      <Filter>game</Filter>
    </ClInclude>
    <ClInclude Include="game\mg_guide.h">
      <Filter>game</Filter>
    </ClInclude>
    <ClInclude Include="game\p_funcs.h">
      <Filter>game</Filter>
    </ClInclude>
    <ClInclude Include="game\p_item.h">
      <Filter>game</Filter>
    </ClInclude>
    <ClInclude Include="game\pcode.h">
      <Filter>game</Filter>
    </ClInclude>
    <ClInclude Include="game\utilities.h">
      <Filter>game</Filter>
    </ClInclude>
    <ClInclude Include="client_effects\ambient_effects.h">
      <Filter>client_effects</Filter>
    </ClInclude>
    <ClInclude Include="client_effects\ce_defaultmessagehandler.h">
      <Filter>client_effects</Filter>
    </ClInclude>
    <ClInclude Include="client_effects\ce_dlight.h">
      <Filter>client_effects</Filter>
    </ClInclude>
    <ClInclude Include="client_effects\ce_message.h">
      <Filter>client_effects</Filter>
    </ClInclude>
    <ClInclude Include="client_effects\client_effects.h">
      <Filter>client_effects</Filter>
    </ClInclude>
    <ClInclude Include="client_effects\client_entities.h">
      <Filter>client_effects</Filter>
    </ClInclude>
    <ClInclude Include="client_effects\fx_debris.h">
      <Filter>client_effects</Filter>
    </ClInclude>
    <ClInclude Include="client_effects\fx_dustpuff.h">
      <Filter>client_effects</Filter>
    </ClInclude>
    <ClInclude Include="client_effects\particle.h">
      <Filter>client_effects</Filter>
    </ClInclude>
    <ClInclude Include="client_effects\utilities.h">
      <Filter>client_effects</Filter>
    </ClInclude>
    <ClInclude Include="ref_common\fmodel.h">
      <Filter>ref_common</Filter>
    </ClInclude>
    <ClInclude Include="ref_common\m_Reference.h">
      <Filter>ref_common</Filter>
    </ClInclude>
    <ClInclude Include="ref_common\m_SkeletalCluster.h">
      <Filter>ref_common</Filter>
    </ClInclude>
    <ClInclude Include="ref_common\m_Skeleton.h">
      <Filter>ref_common</Filter>
    </ClInclude>
    <ClInclude Include="ref_common\part_uvs.h">
      <Filter>ref_common</Filter>
    </ClInclude>
    <ClInclude Include="ref_common\q_fmodel.h">
      <Filter>ref_common</Filter>
    </ClInclude>
    <ClInclude Include="ref_common\qd_skeletons.h">
      <Filter>ref_common</Filter>
    </ClInclude>
    <ClInclude Include="ref_common\r_Skeletons.h">
      <Filter>ref_common</Filter>
    </ClInclude>
    <ClInclude Include="ref_gl\anormtab.h">
      <Filter>ref_gl</Filter>
    </ClInclude>
    <ClInclude Include="ref_gl\gl_local.h">
      <Filter>ref_gl</Filter>
    </ClInclude>
    <ClInclude Include="ref_gl\gl_model.h">
      <Filter>ref_gl</Filter>
    </ClInclude>
    <ClInclude Include="ref_gl\qgl.h">
      <Filter>ref_gl</Filter>
    </ClInclude>
    <ClInclude Include="ref_gl\warpsin.h">
      <Filter>ref_gl</Filter>
    </ClInclude>
    <ClInclude Include="server\server.h">
      <Filter>server</Filter>
    </ClInclude>
    <ClInclude Include="WinSnd\ALut\alutInternal.h">
      <Filter>WinSnd\ALut</Filter>
    </ClInclude>
    <ClInclude Include="client\client.h">
      <Filter>client</Filter>
    </ClInclude>
    <ClInclude Include="client\console.h">
      <Filter>client</Filter>
    </ClInclude>
    <ClInclude Include="client\input.h">
      <Filter>client</Filter>
    </ClInclude>
    <ClInclude Include="client\keys.h">
      <Filter>client</Filter>
    </ClInclude>
    <ClInclude Include="client\qmenu.h">
      <Filter>client</Filter>
    </ClInclude>
    <ClInclude Include="client\ref.h">
      <Filter>client</Filter>
    </ClInclude>
    <ClInclude Include="client\screen.h">
      <Filter>client</Filter>
    </ClInclude>
    <ClInclude Include="client\vid.h">
      <Filter>client</Filter>
    </ClInclude>
    <ClInclude Include="qcommon\angles.h">
      <Filter>qcommon</Filter>
    </ClInclude>
    <ClInclude Include="qcommon\anorms.h">
      <Filter>qcommon</Filter>
    </ClInclude>
    <ClInclude Include="qcommon\arrayed_list.h">
      <Filter>qcommon</Filter>
    </ClInclude>
    <ClInclude Include="qcommon\cl_strings.h">
      <Filter>qcommon</Filter>
    </ClInclude>
    <ClInclude Include="qcommon\EffectFlags.h">
      <Filter>qcommon</Filter>
    </ClInclude>
    <ClInclude Include="qcommon\fc.h">
      <Filter>qcommon</Filter>
    </ClInclude>
    <ClInclude Include="qcommon\flex.h">
      <Filter>qcommon</Filter>
    </ClInclude>
    <ClInclude Include="qcommon\FX.h">
      <Filter>qcommon</Filter>
    </ClInclude>
    <ClInclude Include="qcommon\GenericUnions.h">
      <Filter>qcommon</Filter>
    </ClInclude>
    <ClInclude Include="qcommon\items.h">
      <Filter>qcommon</Filter>
    </ClInclude>
    <ClInclude Include="qcommon\LevelMaps.h">
      <Filter>qcommon</Filter>
    </ClInclude>
    <ClInclude Include="qcommon\Matrix.h">
      <Filter>qcommon</Filter>
    </ClInclude>
    <ClInclude Include="qcommon\message.h">
      <Filter>qcommon</Filter>
    </ClInclude>
    <ClInclude Include="qcommon\ModelJoints.h">
      <Filter>qcommon</Filter>
    </ClInclude>
    <ClInclude Include="qcommon\motion.h">
      <Filter>qcommon</Filter>
    </ClInclude>
    <ClInclude Include="qcommon\placement.h">
      <Filter>qcommon</Filter>
    </ClInclude>
    <ClInclude Include="qcommon\q_physics.h">
      <Filter>qcommon</Filter>
    </ClInclude>
    <ClInclude Include="client_effects\q_Sprite.h">
      <Filter>qcommon</Filter>
    </ClInclude>
    <ClInclude Include="qcommon\q_Surface.h">
      <Filter>qcommon</Filter>
    </ClInclude>
    <ClInclude Include="qcommon\qcommon.h">
      <Filter>qcommon</Filter>
    </ClInclude>
    <ClInclude Include="qcommon\qfiles.h">
      <Filter>qcommon</Filter>
    </ClInclude>
    <ClInclude Include="qcommon\random.h">
      <Filter>qcommon</Filter>
    </ClInclude>
    <ClInclude Include="qcommon\reference.h">
      <Filter>qcommon</Filter>
    </ClInclude>
    <ClInclude Include="qcommon\ResourceManager.h">
      <Filter>qcommon</Filter>
    </ClInclude>
    <ClInclude Include="qcommon\SinglyLinkedList.h">
      <Filter>qcommon</Filter>
    </ClInclude>
    <ClInclude Include="qcommon\skeletons.h">
      <Filter>qcommon</Filter>
    </ClInclude>
    <ClInclude Include="qcommon\surfaceprops.h">
      <Filter>qcommon</Filter>
    </ClInclude>
    <ClInclude Include="qcommon\tokens.h">
      <Filter>qcommon</Filter>
    </ClInclude>
    <ClInclude Include="qcommon\vector.h">
      <Filter>qcommon</Filter>
    </ClInclude>
    <ClInclude Include="win32\conproc.h">
      <Filter>win32</Filter>
    </ClInclude>
    <ClInclude Include="win32\resource.h">
      <Filter>win32</Filter>
    </ClInclude>
    <ClInclude Include="external\smacker.h">
      <Filter>external</Filter>
    </ClInclude>
    <ClInclude Include="external\smk_bitstream.h">
      <Filter>external</Filter>
    </ClInclude>
    <ClInclude Include="external\smk_hufftree.h">
      <Filter>external</Filter>
    </ClInclude>
    <ClInclude Include="external\smk_malloc.h">
      <Filter>external</Filter>
    </ClInclude>
    <ClInclude Include="qcommon\verifyA3D.h">
      <Filter>qcommon</Filter>
    </ClInclude>
    <ClInclude Include="qcommon\q_shared.h">
      <Filter>qcommon</Filter>
    </ClInclude>
    <ClInclude Include="WinSnd\s_local.h">
      <Filter>WinSnd</Filter>
    </ClInclude>
    <ClInclude Include="win32\glw_win.h">
      <Filter>win32</Filter>
    </ClInclude>
    <ClInclude Include="win32\winquake.h">
      <Filter>win32</Filter>
    </ClInclude>
  </ItemGroup>
  <ItemGroup>
    <ResourceCompile Include="win32\Resource.rc">
      <Filter>win32</Filter>
    </ResourceCompile>
  </ItemGroup>
</Project>
